
Microsoft Visual Studio Solution File, Format Version 12.00
# Visual Studio 2012
Project("{FAE04EC0-301F-11D3-BF4B-00C04F79EFBC}") = "1. ExchangesGreaterIntegerWithIfStatement", "1. ExchangesGreaterIntegerWithIfStatement\1. ExchangesGreaterIntegerWithIfStatement.csproj", "{9B6714E3-D830-4F6B-A446-C420788EE532}"
EndProject
Project("{FAE04EC0-301F-11D3-BF4B-00C04F79EFBC}") = "2. SignOfProductOfThreeRealNumbers", "2. SignOfProductOfThreeRealNumbers\2. SignOfProductOfThreeRealNumbers.csproj", "{E4EEEB8C-F777-4F96-95A0-EB5904BC726D}"
EndProject
Project("{FAE04EC0-301F-11D3-BF4B-00C04F79EFBC}") = "3. FindsBiggestOfThreeIntegers", "3. FindsBiggestOfThreeIntegers\3. FindsBiggestOfThreeIntegers.csproj", "{C2F2379C-2C06-4FB0-8345-BC5543623C1E}"
EndProject
Project("{FAE04EC0-301F-11D3-BF4B-00C04F79EFBC}") = "4. SortValuesInDescendingOrder", "4. SortValuesInDescendingOrder\4. SortValuesInDescendingOrder.csproj", "{390BDADC-2E4B-4D45-83F5-ABC1BB55405E}"
EndProject
Project("{FAE04EC0-301F-11D3-BF4B-00C04F79EFBC}") = "5. ShowNameOfInputDigit", "5. ShowNameOfInputDigit\5. ShowNameOfInputDigit.csproj", "{B2EE913C-C8A2-4701-B072-D1F1D192564E}"
EndProject
Project("{FAE04EC0-301F-11D3-BF4B-00C04F79EFBC}") = "6. RealRootsOfQuadraticEquation", "6. RealRootsOfQuadraticEquation\6. RealRootsOfQuadraticEquation.csproj", "{A9E98470-423B-4AD9-AF9F-49989CE61614}"
EndProject
Project("{FAE04EC0-301F-11D3-BF4B-00C04F79EFBC}") = "7. TheGreatestOfFiveVariables", "7. TheGreatestOfFiveVariables\7. TheGreatestOfFiveVariables.csproj", "{BF600E1A-057E-4B2C-B88A-A234947F16DC}"
EndProject
Project("{FAE04EC0-301F-11D3-BF4B-00C04F79EFBC}") = "8. ShowValueOfOutputVariable", "8. ShowValueOfOutputVariable\8. ShowValueOfOutputVariable.csproj", "{3639A0F6-9C1E-4B98-A91B-F135636F0ED7}"
EndProject
Project("{FAE04EC0-301F-11D3-BF4B-00C04F79EFBC}") = "9. CheckTheSumOfSubsetIsZero", "9. CheckTheSumOfSubsetIsZero\9. CheckTheSumOfSubsetIsZero.csproj", "{7565186A-F9AD-41DE-8EBE-5A19B85A18C3}"
EndProject
Project("{FAE04EC0-301F-11D3-BF4B-00C04F79EFBC}") = "10. BonusScores", "10. BonusScores\10. BonusScores.csproj", "{03DB3AE8-F64F-45EB-8CDF-209FC77BBA44}"
EndProject
Project("{FAE04EC0-301F-11D3-BF4B-00C04F79EFBC}") = "11. ConvertNumberToCorrespondingText", "11. ConvertNumberToCorrespondingText\11. ConvertNumberToCorrespondingText.csproj", "{495F3EDE-F789-447C-AA92-78694E814523}"
EndProject
Global
	GlobalSection(SolutionConfigurationPlatforms) = preSolution
		Debug|Any CPU = Debug|Any CPU
		Release|Any CPU = Release|Any CPU
	EndGlobalSection
	GlobalSection(ProjectConfigurationPlatforms) = postSolution
		{9B6714E3-D830-4F6B-A446-C420788EE532}.Debug|Any CPU.ActiveCfg = Debug|Any CPU
		{9B6714E3-D830-4F6B-A446-C420788EE532}.Debug|Any CPU.Build.0 = Debug|Any CPU
		{9B6714E3-D830-4F6B-A446-C420788EE532}.Release|Any CPU.ActiveCfg = Release|Any CPU
		{9B6714E3-D830-4F6B-A446-C420788EE532}.Release|Any CPU.Build.0 = Release|Any CPU
		{E4EEEB8C-F777-4F96-95A0-EB5904BC726D}.Debug|Any CPU.ActiveCfg = Debug|Any CPU
		{E4EEEB8C-F777-4F96-95A0-EB5904BC726D}.Debug|Any CPU.Build.0 = Debug|Any CPU
		{E4EEEB8C-F777-4F96-95A0-EB5904BC726D}.Release|Any CPU.ActiveCfg = Release|Any CPU
		{E4EEEB8C-F777-4F96-95A0-EB5904BC726D}.Release|Any CPU.Build.0 = Release|Any CPU
		{C2F2379C-2C06-4FB0-8345-BC5543623C1E}.Debug|Any CPU.ActiveCfg = Debug|Any CPU
		{C2F2379C-2C06-4FB0-8345-BC5543623C1E}.Debug|Any CPU.Build.0 = Debug|Any CPU
		{C2F2379C-2C06-4FB0-8345-BC5543623C1E}.Release|Any CPU.ActiveCfg = Release|Any CPU
		{C2F2379C-2C06-4FB0-8345-BC5543623C1E}.Release|Any CPU.Build.0 = Release|Any CPU
		{390BDADC-2E4B-4D45-83F5-ABC1BB55405E}.Debug|Any CPU.ActiveCfg = Debug|Any CPU
		{390BDADC-2E4B-4D45-83F5-ABC1BB55405E}.Debug|Any CPU.Build.0 = Debug|Any CPU
		{390BDADC-2E4B-4D45-83F5-ABC1BB55405E}.Release|Any CPU.ActiveCfg = Release|Any CPU
		{390BDADC-2E4B-4D45-83F5-ABC1BB55405E}.Release|Any CPU.Build.0 = Release|Any CPU
		{B2EE913C-C8A2-4701-B072-D1F1D192564E}.Debug|Any CPU.ActiveCfg = Debug|Any CPU
		{B2EE913C-C8A2-4701-B072-D1F1D192564E}.Debug|Any CPU.Build.0 = Debug|Any CPU
		{B2EE913C-C8A2-4701-B072-D1F1D192564E}.Release|Any CPU.ActiveCfg = Release|Any CPU
		{B2EE913C-C8A2-4701-B072-D1F1D192564E}.Release|Any CPU.Build.0 = Release|Any CPU
		{A9E98470-423B-4AD9-AF9F-49989CE61614}.Debug|Any CPU.ActiveCfg = Debug|Any CPU
		{A9E98470-423B-4AD9-AF9F-49989CE61614}.Debug|Any CPU.Build.0 = Debug|Any CPU
		{A9E98470-423B-4AD9-AF9F-49989CE61614}.Release|Any CPU.ActiveCfg = Release|Any CPU
		{A9E98470-423B-4AD9-AF9F-49989CE61614}.Release|Any CPU.Build.0 = Release|Any CPU
		{BF600E1A-057E-4B2C-B88A-A234947F16DC}.Debug|Any CPU.ActiveCfg = Debug|Any CPU
		{BF600E1A-057E-4B2C-B88A-A234947F16DC}.Debug|Any CPU.Build.0 = Debug|Any CPU
		{BF600E1A-057E-4B2C-B88A-A234947F16DC}.Release|Any CPU.ActiveCfg = Release|Any CPU
		{BF600E1A-057E-4B2C-B88A-A234947F16DC}.Release|Any CPU.Build.0 = Release|Any CPU
		{3639A0F6-9C1E-4B98-A91B-F135636F0ED7}.Debug|Any CPU.ActiveCfg = Debug|Any CPU
		{3639A0F6-9C1E-4B98-A91B-F135636F0ED7}.Debug|Any CPU.Build.0 = Debug|Any CPU
		{3639A0F6-9C1E-4B98-A91B-F135636F0ED7}.Release|Any CPU.ActiveCfg = Release|Any CPU
		{3639A0F6-9C1E-4B98-A91B-F135636F0ED7}.Release|Any CPU.Build.0 = Release|Any CPU
		{7565186A-F9AD-41DE-8EBE-5A19B85A18C3}.Debug|Any CPU.ActiveCfg = Debug|Any CPU
		{7565186A-F9AD-41DE-8EBE-5A19B85A18C3}.Debug|Any CPU.Build.0 = Debug|Any CPU
		{7565186A-F9AD-41DE-8EBE-5A19B85A18C3}.Release|Any CPU.ActiveCfg = Release|Any CPU
		{7565186A-F9AD-41DE-8EBE-5A19B85A18C3}.Release|Any CPU.Build.0 = Release|Any CPU
		{03DB3AE8-F64F-45EB-8CDF-209FC77BBA44}.Debug|Any CPU.ActiveCfg = Debug|Any CPU
		{03DB3AE8-F64F-45EB-8CDF-209FC77BBA44}.Debug|Any CPU.Build.0 = Debug|Any CPU
		{03DB3AE8-F64F-45EB-8CDF-209FC77BBA44}.Release|Any CPU.ActiveCfg = Release|Any CPU
		{03DB3AE8-F64F-45EB-8CDF-209FC77BBA44}.Release|Any CPU.Build.0 = Release|Any CPU
		{495F3EDE-F789-447C-AA92-78694E814523}.Debug|Any CPU.ActiveCfg = Debug|Any CPU
		{495F3EDE-F789-447C-AA92-78694E814523}.Debug|Any CPU.Build.0 = Debug|Any CPU
		{495F3EDE-F789-447C-AA92-78694E814523}.Release|Any CPU.ActiveCfg = Release|Any CPU
		{495F3EDE-F789-447C-AA92-78694E814523}.Release|Any CPU.Build.0 = Release|Any CPU
	EndGlobalSection
	GlobalSection(SolutionProperties) = preSolution
		HideSolutionNode = FALSE
	EndGlobalSection
EndGlobal
